
Microsoft Visual Studio Solution File, Format Version 12.00
# Visual Studio 15
VisualStudioVersion = 15.0.26730.8
MinimumVisualStudioVersion = 10.0.40219.1
Project("{FAE04EC0-301F-11D3-BF4B-00C04F79EFBC}") = "PLFServer", "PLFServer\PLFServer.csproj", "{B46BB5F2-6CB5-4F9E-89BC-E8B29BB730C5}"
EndProject
Global
	GlobalSection(SolutionConfigurationPlatforms) = preSolution
		Debug|Any CPU = Debug|Any CPU
		Release|Any CPU = Release|Any CPU
	EndGlobalSection
	GlobalSection(ProjectConfigurationPlatforms) = postSolution
		{B46BB5F2-6CB5-4F9E-89BC-E8B29BB730C5}.Debug|Any CPU.ActiveCfg = Debug|Any CPU
		{B46BB5F2-6CB5-4F9E-89BC-E8B29BB730C5}.Debug|Any CPU.Build.0 = Debug|Any CPU
		{B46BB5F2-6CB5-4F9E-89BC-E8B29BB730C5}.Release|Any CPU.ActiveCfg = Release|Any CPU
		{B46BB5F2-6CB5-4F9E-89BC-E8B29BB730C5}.Release|Any CPU.Build.0 = Release|Any CPU
	EndGlobalSection
	GlobalSection(SolutionProperties) = preSolution
		HideSolutionNode = FALSE
	EndGlobalSection
	GlobalSection(ExtensibilityGlobals) = postSolution
		SolutionGuid = {AD9459DA-BED5-41AC-81A0-26EC90527ABA}
	EndGlobalSection
	GlobalSection(MonoDevelopProperties) = preSolution
		Policies = $0
		$0.DotNetNamingPolicy = $1
		$1.DirectoryNamespaceAssociation = PrefixedHierarchical
		$0.StandardHeader = $2
	EndGlobalSection
EndGlobal
