
Microsoft Visual Studio Solution File, Format Version 12.00
# Visual Studio 2012
Project("{FAE04EC0-301F-11D3-BF4B-00C04F79EFBC}") = "PetLaForme", "PetLaForme\PetLaForme.csproj", "{3E1AF224-4AB6-49B0-B657-847939685F1F}"
EndProject
Global
	GlobalSection(SolutionConfigurationPlatforms) = preSolution
		Debug|iPhoneSimulator = Debug|iPhoneSimulator
		Release|iPhone = Release|iPhone
		Release|iPhoneSimulator = Release|iPhoneSimulator
		Debug|iPhone = Debug|iPhone
	EndGlobalSection
	GlobalSection(ProjectConfigurationPlatforms) = postSolution
		{3E1AF224-4AB6-49B0-B657-847939685F1F}.Debug|iPhoneSimulator.ActiveCfg = Debug|iPhoneSimulator
		{3E1AF224-4AB6-49B0-B657-847939685F1F}.Debug|iPhoneSimulator.Build.0 = Debug|iPhoneSimulator
		{3E1AF224-4AB6-49B0-B657-847939685F1F}.Release|iPhone.ActiveCfg = Release|iPhone
		{3E1AF224-4AB6-49B0-B657-847939685F1F}.Release|iPhone.Build.0 = Release|iPhone
		{3E1AF224-4AB6-49B0-B657-847939685F1F}.Release|iPhoneSimulator.ActiveCfg = Release|iPhoneSimulator
		{3E1AF224-4AB6-49B0-B657-847939685F1F}.Release|iPhoneSimulator.Build.0 = Release|iPhoneSimulator
		{3E1AF224-4AB6-49B0-B657-847939685F1F}.Debug|iPhone.ActiveCfg = Debug|iPhone
		{3E1AF224-4AB6-49B0-B657-847939685F1F}.Debug|iPhone.Build.0 = Debug|iPhone
	EndGlobalSection
EndGlobal
